
Microsoft Visual Studio Solution File, Format Version 12.00
# Visual Studio Version 17
VisualStudioVersion = 17.0.31919.166
MinimumVisualStudioVersion = 10.0.40219.1
Project("{FAE04EC0-301F-11D3-BF4B-00C04F79EFBC}") = "RabbitMqManager", "RabbitMqManager\RabbitMqManager.csproj", "{D999DAD5-84D9-4701-B0DD-A504196B3FCD}"
EndProject
Project("{2150E333-8FDC-42A3-9474-1A3956D46DE8}") = "Solution Items", "Solution Items", "{09356B4F-B7F5-4751-8E7A-771CBEA3F370}"
	ProjectSection(SolutionItems) = preProject
		.editorconfig = .editorconfig
	EndProjectSection
EndProject
Project("{FAE04EC0-301F-11D3-BF4B-00C04F79EFBC}") = "RabbitMqManager.Test", "RabbitMqManager.Test\RabbitMqManager.Test.csproj", "{6DA9A9C1-04B1-4F84-A683-A7466E187264}"
EndProject
Global
	GlobalSection(SolutionConfigurationPlatforms) = preSolution
		Debug|Any CPU = Debug|Any CPU
		Release|Any CPU = Release|Any CPU
	EndGlobalSection
	GlobalSection(ProjectConfigurationPlatforms) = postSolution
		{D999DAD5-84D9-4701-B0DD-A504196B3FCD}.Debug|Any CPU.ActiveCfg = Debug|Any CPU
		{D999DAD5-84D9-4701-B0DD-A504196B3FCD}.Debug|Any CPU.Build.0 = Debug|Any CPU
		{D999DAD5-84D9-4701-B0DD-A504196B3FCD}.Release|Any CPU.ActiveCfg = Release|Any CPU
		{D999DAD5-84D9-4701-B0DD-A504196B3FCD}.Release|Any CPU.Build.0 = Release|Any CPU
		{6DA9A9C1-04B1-4F84-A683-A7466E187264}.Debug|Any CPU.ActiveCfg = Debug|Any CPU
		{6DA9A9C1-04B1-4F84-A683-A7466E187264}.Debug|Any CPU.Build.0 = Debug|Any CPU
		{6DA9A9C1-04B1-4F84-A683-A7466E187264}.Release|Any CPU.ActiveCfg = Release|Any CPU
		{6DA9A9C1-04B1-4F84-A683-A7466E187264}.Release|Any CPU.Build.0 = Release|Any CPU
	EndGlobalSection
	GlobalSection(SolutionProperties) = preSolution
		HideSolutionNode = FALSE
	EndGlobalSection
	GlobalSection(ExtensibilityGlobals) = postSolution
		SolutionGuid = {BF83761C-D4EA-403A-8932-57E39ABC19BB}
	EndGlobalSection
EndGlobal
